// !$*UTF8*$!
{
	archiveVersion = 1;
	classes = {
	};
	objectVersion = 77;
	objects = {

/* Begin PBXBuildFile section */
		0DCA19E12F71ECD000E3A891 /* CryptoTokenKit.framework in Frameworks */ = {isa = PBXBuildFile; fileRef = 0DCA19E02F71ECD000E3A891 /* CryptoTokenKit.framework */; };
		0DCA19ED2F71ECD000E3A891 /* RemoteHSMToken.appex in Embed Foundation Extensions */ = {isa = PBXBuildFile; fileRef = 0DCA19DE2F71ECD000E3A891 /* RemoteHSMToken.appex */; settings = {ATTRIBUTES = (RemoveHeadersOnCopy, ); }; };
/* End PBXBuildFile section */

/* Begin PBXContainerItemProxy section */
		0DCA19952F71D28700E3A891 /* PBXContainerItemProxy */ = {
			isa = PBXContainerItemProxy;
			containerPortal = 0DCA197B2F71D28500E3A891 /* Project object */;
			proxyType = 1;
			remoteGlobalIDString = 0DCA19822F71D28500E3A891;
			remoteInfo = RemoteHSMTokenDemo;
		};
		0DCA199F2F71D28700E3A891 /* PBXContainerItemProxy */ = {
			isa = PBXContainerItemProxy;
			containerPortal = 0DCA197B2F71D28500E3A891 /* Project object */;
			proxyType = 1;
			remoteGlobalIDString = 0DCA19822F71D28500E3A891;
			remoteInfo = RemoteHSMTokenDemo;
		};
		0DCA19EB2F71ECD000E3A891 /* PBXContainerItemProxy */ = {
			isa = PBXContainerItemProxy;
			containerPortal = 0DCA197B2F71D28500E3A891 /* Project object */;
			proxyType = 1;
			remoteGlobalIDString = 0DCA19DD2F71ECD000E3A891;
			remoteInfo = RemoteHSMToken;
		};
/* End PBXContainerItemProxy section */

/* Begin PBXCopyFilesBuildPhase section */
		0DCA19EE2F71ECD000E3A891 /* Embed Foundation Extensions */ = {
			isa = PBXCopyFilesBuildPhase;
			buildActionMask = 2147483647;
			dstPath = "";
			dstSubfolderSpec = 13;
			files = (
				0DCA19ED2F71ECD000E3A891 /* RemoteHSMToken.appex in Embed Foundation Extensions */,
			);
			name = "Embed Foundation Extensions";
			runOnlyForDeploymentPostprocessing = 0;
		};
/* End PBXCopyFilesBuildPhase section */

/* Begin PBXFileReference section */
		0DCA19832F71D28500E3A891 /* RemoteHSMTokenDemo.app */ = {isa = PBXFileReference; explicitFileType = wrapper.application; includeInIndex = 0; path = RemoteHSMTokenDemo.app; sourceTree = BUILT_PRODUCTS_DIR; };
		0DCA19942F71D28700E3A891 /* RemoteHSMTokenDemoTests.xctest */ = {isa = PBXFileReference; explicitFileType = wrapper.cfbundle; includeInIndex = 0; path = RemoteHSMTokenDemoTests.xctest; sourceTree = BUILT_PRODUCTS_DIR; };
		0DCA199E2F71D28700E3A891 /* RemoteHSMTokenDemoUITests.xctest */ = {isa = PBXFileReference; explicitFileType = wrapper.cfbundle; includeInIndex = 0; path = RemoteHSMTokenDemoUITests.xctest; sourceTree = BUILT_PRODUCTS_DIR; };
		0DCA19DE2F71ECD000E3A891 /* RemoteHSMToken.appex */ = {isa = PBXFileReference; explicitFileType = "wrapper.app-extension"; includeInIndex = 0; path = RemoteHSMToken.appex; sourceTree = BUILT_PRODUCTS_DIR; };
		0DCA19E02F71ECD000E3A891 /* CryptoTokenKit.framework */ = {isa = PBXFileReference; lastKnownFileType = wrapper.framework; name = CryptoTokenKit.framework; path = System/Library/Frameworks/CryptoTokenKit.framework; sourceTree = SDKROOT; };
/* End PBXFileReference section */

/* Begin PBXFileSystemSynchronizedBuildFileExceptionSet section */
		0DCA19F12F71ECD000E3A891 /* Exceptions for "RemoteHSMToken" folder in "RemoteHSMToken" target */ = {
			isa = PBXFileSystemSynchronizedBuildFileExceptionSet;
			membershipExceptions = (
				Info.plist,
			);
			target = 0DCA19DD2F71ECD000E3A891 /* RemoteHSMToken */;
		};
/* End PBXFileSystemSynchronizedBuildFileExceptionSet section */

/* Begin PBXFileSystemSynchronizedRootGroup section */
		0DCA19852F71D28500E3A891 /* RemoteHSMTokenDemo */ = {
			isa = PBXFileSystemSynchronizedRootGroup;
			path = RemoteHSMTokenDemo;
			sourceTree = "<group>";
		};
		0DCA19972F71D28700E3A891 /* RemoteHSMTokenDemoTests */ = {
			isa = PBXFileSystemSynchronizedRootGroup;
			path = RemoteHSMTokenDemoTests;
			sourceTree = "<group>";
		};
		0DCA19A12F71D28700E3A891 /* RemoteHSMTokenDemoUITests */ = {
			isa = PBXFileSystemSynchronizedRootGroup;
			path = RemoteHSMTokenDemoUITests;
			sourceTree = "<group>";
		};
		0DCA19E22F71ECD000E3A891 /* RemoteHSMToken */ = {
			isa = PBXFileSystemSynchronizedRootGroup;
			exceptions = (
				0DCA19F12F71ECD000E3A891 /* Exceptions for "RemoteHSMToken" folder in "RemoteHSMToken" target */,
			);
			path = RemoteHSMToken;
			sourceTree = "<group>";
		};
/* End PBXFileSystemSynchronizedRootGroup section */

/* Begin PBXFrameworksBuildPhase section */
		0DCA19802F71D28500E3A891 /* Frameworks */ = {
			isa = PBXFrameworksBuildPhase;
			buildActionMask = 2147483647;
			files = (
			);
			runOnlyForDeploymentPostprocessing = 0;
		};
		0DCA19912F71D28700E3A891 /* Frameworks */ = {
			isa = PBXFrameworksBuildPhase;
			buildActionMask = 2147483647;
			files = (
			);
			runOnlyForDeploymentPostprocessing = 0;
		};
		0DCA199B2F71D28700E3A891 /* Frameworks */ = {
			isa = PBXFrameworksBuildPhase;
			buildActionMask = 2147483647;
			files = (
			);
			runOnlyForDeploymentPostprocessing = 0;
		};
		0DCA19DB2F71ECD000E3A891 /* Frameworks */ = {
			isa = PBXFrameworksBuildPhase;
			buildActionMask = 2147483647;
			files = (
				0DCA19E12F71ECD000E3A891 /* CryptoTokenKit.framework in Frameworks */,
			);
			runOnlyForDeploymentPostprocessing = 0;
		};
/* End PBXFrameworksBuildPhase section */

/* Begin PBXGroup section */
		0DCA197A2F71D28500E3A891 = {
			isa = PBXGroup;
			children = (
				0DCA19852F71D28500E3A891 /* RemoteHSMTokenDemo */,
				0DCA19972F71D28700E3A891 /* RemoteHSMTokenDemoTests */,
				0DCA19A12F71D28700E3A891 /* RemoteHSMTokenDemoUITests */,
				0DCA19E22F71ECD000E3A891 /* RemoteHSMToken */,
				0DCA19DF2F71ECD000E3A891 /* Frameworks */,
				0DCA19842F71D28500E3A891 /* Products */,
			);
			sourceTree = "<group>";
		};
		0DCA19842F71D28500E3A891 /* Products */ = {
			isa = PBXGroup;
			children = (
				0DCA19832F71D28500E3A891 /* RemoteHSMTokenDemo.app */,
				0DCA19942F71D28700E3A891 /* RemoteHSMTokenDemoTests.xctest */,
				0DCA199E2F71D28700E3A891 /* RemoteHSMTokenDemoUITests.xctest */,
				0DCA19DE2F71ECD000E3A891 /* RemoteHSMToken.appex */,
			);
			name = Products;
			sourceTree = "<group>";
		};
		0DCA19DF2F71ECD000E3A891 /* Frameworks */ = {
			isa = PBXGroup;
			children = (
				0DCA19E02F71ECD000E3A891 /* CryptoTokenKit.framework */,
			);
			name = Frameworks;
			sourceTree = "<group>";
		};
/* End PBXGroup section */

/* Begin PBXNativeTarget section */
		0DCA19822F71D28500E3A891 /* RemoteHSMTokenDemo */ = {
			isa = PBXNativeTarget;
			buildConfigurationList = 0DCA19A82F71D28700E3A891 /* Build configuration list for PBXNativeTarget "RemoteHSMTokenDemo" */;
			buildPhases = (
				0DCA197F2F71D28500E3A891 /* Sources */,
				0DCA19802F71D28500E3A891 /* Frameworks */,
				0DCA19812F71D28500E3A891 /* Resources */,
				0DCA19EE2F71ECD000E3A891 /* Embed Foundation Extensions */,
			);
			buildRules = (
			);
			dependencies = (
				0DCA19EC2F71ECD000E3A891 /* PBXTargetDependency */,
			);
			fileSystemSynchronizedGroups = (
				0DCA19852F71D28500E3A891 /* RemoteHSMTokenDemo */,
			);
			name = RemoteHSMTokenDemo;
			packageProductDependencies = (
			);
			productName = RemoteHSMTokenDemo;
			productReference = 0DCA19832F71D28500E3A891 /* RemoteHSMTokenDemo.app */;
			productType = "com.apple.product-type.application";
		};
		0DCA19932F71D28700E3A891 /* RemoteHSMTokenDemoTests */ = {
			isa = PBXNativeTarget;
			buildConfigurationList = 0DCA19AB2F71D28700E3A891 /* Build configuration list for PBXNativeTarget "RemoteHSMTokenDemoTests" */;
			buildPhases = (
				0DCA19902F71D28700E3A891 /* Sources */,
				0DCA19912F71D28700E3A891 /* Frameworks */,
				0DCA19922F71D28700E3A891 /* Resources */,
			);
			buildRules = (
			);
			dependencies = (
				0DCA19962F71D28700E3A891 /* PBXTargetDependency */,
			);
			fileSystemSynchronizedGroups = (
				0DCA19972F71D28700E3A891 /* RemoteHSMTokenDemoTests */,
			);
			name = RemoteHSMTokenDemoTests;
			packageProductDependencies = (
			);
			productName = RemoteHSMTokenDemoTests;
			productReference = 0DCA19942F71D28700E3A891 /* RemoteHSMTokenDemoTests.xctest */;
			productType = "com.apple.product-type.bundle.unit-test";
		};
		0DCA199D2F71D28700E3A891 /* RemoteHSMTokenDemoUITests */ = {
			isa = PBXNativeTarget;
			buildConfigurationList = 0DCA19AE2F71D28700E3A891 /* Build configuration list for PBXNativeTarget "RemoteHSMTokenDemoUITests" */;
			buildPhases = (
				0DCA199A2F71D28700E3A891 /* Sources */,
				0DCA199B2F71D28700E3A891 /* Frameworks */,
				0DCA199C2F71D28700E3A891 /* Resources */,
			);
			buildRules = (
			);
			dependencies = (
				0DCA19A02F71D28700E3A891 /* PBXTargetDependency */,
			);
			fileSystemSynchronizedGroups = (
				0DCA19A12F71D28700E3A891 /* RemoteHSMTokenDemoUITests */,
			);
			name = RemoteHSMTokenDemoUITests;
			packageProductDependencies = (
			);
			productName = RemoteHSMTokenDemoUITests;
			productReference = 0DCA199E2F71D28700E3A891 /* RemoteHSMTokenDemoUITests.xctest */;
			productType = "com.apple.product-type.bundle.ui-testing";
		};
		0DCA19DD2F71ECD000E3A891 /* RemoteHSMToken */ = {
			isa = PBXNativeTarget;
			buildConfigurationList = 0DCA19F22F71ECD000E3A891 /* Build configuration list for PBXNativeTarget "RemoteHSMToken" */;
			buildPhases = (
				0DCA19DA2F71ECD000E3A891 /* Sources */,
				0DCA19DB2F71ECD000E3A891 /* Frameworks */,
				0DCA19DC2F71ECD000E3A891 /* Resources */,
			);
			buildRules = (
			);
			dependencies = (
			);
			fileSystemSynchronizedGroups = (
				0DCA19E22F71ECD000E3A891 /* RemoteHSMToken */,
			);
			name = RemoteHSMToken;
			packageProductDependencies = (
			);
			productName = RemoteHSMToken;
			productReference = 0DCA19DE2F71ECD000E3A891 /* RemoteHSMToken.appex */;
			productType = "com.apple.product-type.app-extension";
		};
/* End PBXNativeTarget section */

/* Begin PBXProject section */
		0DCA197B2F71D28500E3A891 /* Project object */ = {
			isa = PBXProject;
			attributes = {
				BuildIndependentTargetsInParallel = 1;
				LastSwiftUpdateCheck = 1620;
				LastUpgradeCheck = 1620;
				TargetAttributes = {
					0DCA19822F71D28500E3A891 = {
						CreatedOnToolsVersion = 16.2;
					};
					0DCA19932F71D28700E3A891 = {
						CreatedOnToolsVersion = 16.2;
						TestTargetID = 0DCA19822F71D28500E3A891;
					};
					0DCA199D2F71D28700E3A891 = {
						CreatedOnToolsVersion = 16.2;
						TestTargetID = 0DCA19822F71D28500E3A891;
					};
					0DCA19DD2F71ECD000E3A891 = {
						CreatedOnToolsVersion = 16.2;
					};
				};
			};
			buildConfigurationList = 0DCA197E2F71D28500E3A891 /* Build configuration list for PBXProject "RemoteHSMTokenDemo" */;
			developmentRegion = en;
			hasScannedForEncodings = 0;
			knownRegions = (
				en,
				Base,
			);
			mainGroup = 0DCA197A2F71D28500E3A891;
			minimizedProjectReferenceProxies = 1;
			preferredProjectObjectVersion = 77;
			productRefGroup = 0DCA19842F71D28500E3A891 /* Products */;
			projectDirPath = "";
			projectRoot = "";
			targets = (
				0DCA19822F71D28500E3A891 /* RemoteHSMTokenDemo */,
				0DCA19932F71D28700E3A891 /* RemoteHSMTokenDemoTests */,
				0DCA199D2F71D28700E3A891 /* RemoteHSMTokenDemoUITests */,
				0DCA19DD2F71ECD000E3A891 /* RemoteHSMToken */,
			);
		};
/* End PBXProject section */

/* Begin PBXResourcesBuildPhase section */
		0DCA19812F71D28500E3A891 /* Resources */ = {
			isa = PBXResourcesBuildPhase;
			buildActionMask = 2147483647;
			files = (
			);
			runOnlyForDeploymentPostprocessing = 0;
		};
		0DCA19922F71D28700E3A891 /* Resources */ = {
			isa = PBXResourcesBuildPhase;
			buildActionMask = 2147483647;
			files = (
			);
			runOnlyForDeploymentPostprocessing = 0;
		};
		0DCA199C2F71D28700E3A891 /* Resources */ = {
			isa = PBXResourcesBuildPhase;
			buildActionMask = 2147483647;
			files = (
			);
			runOnlyForDeploymentPostprocessing = 0;
		};
		0DCA19DC2F71ECD000E3A891 /* Resources */ = {
			isa = PBXResourcesBuildPhase;
			buildActionMask = 2147483647;
			files = (
			);
			runOnlyForDeploymentPostprocessing = 0;
		};
/* End PBXResourcesBuildPhase section */

/* Begin PBXSourcesBuildPhase section */
		0DCA197F2F71D28500E3A891 /* Sources */ = {
			isa = PBXSourcesBuildPhase;
			buildActionMask = 2147483647;
			files = (
			);
			runOnlyForDeploymentPostprocessing = 0;
		};
		0DCA19902F71D28700E3A891 /* Sources */ = {
			isa = PBXSourcesBuildPhase;
			buildActionMask = 2147483647;
			files = (
			);
			runOnlyForDeploymentPostprocessing = 0;
		};
		0DCA199A2F71D28700E3A891 /* Sources */ = {
			isa = PBXSourcesBuildPhase;
			buildActionMask = 2147483647;
			files = (
			);
			runOnlyForDeploymentPostprocessing = 0;
		};
		0DCA19DA2F71ECD000E3A891 /* Sources */ = {
			isa = PBXSourcesBuildPhase;
			buildActionMask = 2147483647;
			files = (
			);
			runOnlyForDeploymentPostprocessing = 0;
		};
/* End PBXSourcesBuildPhase section */

/* Begin PBXTargetDependency section */
		0DCA19962F71D28700E3A891 /* PBXTargetDependency */ = {
			isa = PBXTargetDependency;
			target = 0DCA19822F71D28500E3A891 /* RemoteHSMTokenDemo */;
			targetProxy = 0DCA19952F71D28700E3A891 /* PBXContainerItemProxy */;
		};
		0DCA19A02F71D28700E3A891 /* PBXTargetDependency */ = {
			isa = PBXTargetDependency;
			target = 0DCA19822F71D28500E3A891 /* RemoteHSMTokenDemo */;
			targetProxy = 0DCA199F2F71D28700E3A891 /* PBXContainerItemProxy */;
		};
		0DCA19EC2F71ECD000E3A891 /* PBXTargetDependency */ = {
			isa = PBXTargetDependency;
			target = 0DCA19DD2F71ECD000E3A891 /* RemoteHSMToken */;
			targetProxy = 0DCA19EB2F71ECD000E3A891 /* PBXContainerItemProxy */;
		};
/* End PBXTargetDependency section */

/* Begin XCBuildConfiguration section */
		0DCA19A62F71D28700E3A891 /* Debug */ = {
			isa = XCBuildConfiguration;
			buildSettings = {
				ALWAYS_SEARCH_USER_PATHS = NO;
				ASSETCATALOG_COMPILER_GENERATE_SWIFT_ASSET_SYMBOL_EXTENSIONS = YES;
				CLANG_ANALYZER_NONNULL = YES;
				CLANG_ANALYZER_NUMBER_OBJECT_CONVERSION = YES_AGGRESSIVE;
				CLANG_CXX_LANGUAGE_STANDARD = "gnu++20";
				CLANG_ENABLE_MODULES = YES;
				CLANG_ENABLE_OBJC_ARC = YES;
				CLANG_ENABLE_OBJC_WEAK = YES;
				CLANG_WARN_BLOCK_CAPTURE_AUTORELEASING = YES;
				CLANG_WARN_BOOL_CONVERSION = YES;
				CLANG_WARN_COMMA = YES;
				CLANG_WARN_CONSTANT_CONVERSION = YES;
				CLANG_WARN_DEPRECATED_OBJC_IMPLEMENTATIONS = YES;
				CLANG_WARN_DIRECT_OBJC_ISA_USAGE = YES_ERROR;
				CLANG_WARN_DOCUMENTATION_COMMENTS = YES;
				CLANG_WARN_EMPTY_BODY = YES;
				CLANG_WARN_ENUM_CONVERSION = YES;
				CLANG_WARN_INFINITE_RECURSION = YES;
				CLANG_WARN_INT_CONVERSION = YES;
				CLANG_WARN_NON_LITERAL_NULL_CONVERSION = YES;
				CLANG_WARN_OBJC_IMPLICIT_RETAIN_SELF = YES;
				CLANG_WARN_OBJC_LITERAL_CONVERSION = YES;
				CLANG_WARN_OBJC_ROOT_CLASS = YES_ERROR;
				CLANG_WARN_QUOTED_INCLUDE_IN_FRAMEWORK_HEADER = YES;
				CLANG_WARN_RANGE_LOOP_ANALYSIS = YES;
				CLANG_WARN_STRICT_PROTOTYPES = YES;
				CLANG_WARN_SUSPICIOUS_MOVE = YES;
				CLANG_WARN_UNGUARDED_AVAILABILITY = YES_AGGRESSIVE;
				CLANG_WARN_UNREACHABLE_CODE = YES;
				CLANG_WARN__DUPLICATE_METHOD_MATCH = YES;
				COPY_PHASE_STRIP = NO;
				DEBUG_INFORMATION_FORMAT = dwarf;
				ENABLE_STRICT_OBJC_MSGSEND = YES;
				ENABLE_TESTABILITY = YES;
				ENABLE_USER_SCRIPT_SANDBOXING = YES;
				GCC_C_LANGUAGE_STANDARD = gnu17;
				GCC_DYNAMIC_NO_PIC = NO;
				GCC_NO_COMMON_BLOCKS = YES;
				GCC_OPTIMIZATION_LEVEL = 0;
				GCC_PREPROCESSOR_DEFINITIONS = (
					"DEBUG=1",
					"$(inherited)",
				);
				GCC_WARN_64_TO_32_BIT_CONVERSION = YES;
				GCC_WARN_ABOUT_RETURN_TYPE = YES_ERROR;
				GCC_WARN_UNDECLARED_SELECTOR = YES;
				GCC_WARN_UNINITIALIZED_AUTOS = YES_AGGRESSIVE;
				GCC_WARN_UNUSED_FUNCTION = YES;
				GCC_WARN_UNUSED_VARIABLE = YES;
				LOCALIZATION_PREFERS_STRING_CATALOGS = YES;
				MACOSX_DEPLOYMENT_TARGET = 15.2;
				MTL_ENABLE_DEBUG_INFO = INCLUDE_SOURCE;
				MTL_FAST_MATH = YES;
				ONLY_ACTIVE_ARCH = YES;
				SDKROOT = macosx;
				SWIFT_ACTIVE_COMPILATION_CONDITIONS = "DEBUG $(inherited)";
				SWIFT_OPTIMIZATION_LEVEL = "-Onone";
			};
			name = Debug;
		};
		0DCA19A72F71D28700E3A891 /* Release */ = {
			isa = XCBuildConfiguration;
			buildSettings = {
				ALWAYS_SEARCH_USER_PATHS = NO;
				ASSETCATALOG_COMPILER_GENERATE_SWIFT_ASSET_SYMBOL_EXTENSIONS = YES;
				CLANG_ANALYZER_NONNULL = YES;
				CLANG_ANALYZER_NUMBER_OBJECT_CONVERSION = YES_AGGRESSIVE;
				CLANG_CXX_LANGUAGE_STANDARD = "gnu++20";
				CLANG_ENABLE_MODULES = YES;
				CLANG_ENABLE_OBJC_ARC = YES;
				CLANG_ENABLE_OBJC_WEAK = YES;
				CLANG_WARN_BLOCK_CAPTURE_AUTORELEASING = YES;
				CLANG_WARN_BOOL_CONVERSION = YES;
				CLANG_WARN_COMMA = YES;
				CLANG_WARN_CONSTANT_CONVERSION = YES;
				CLANG_WARN_DEPRECATED_OBJC_IMPLEMENTATIONS = YES;
				CLANG_WARN_DIRECT_OBJC_ISA_USAGE = YES_ERROR;
				CLANG_WARN_DOCUMENTATION_COMMENTS = YES;
				CLANG_WARN_EMPTY_BODY = YES;
				CLANG_WARN_ENUM_CONVERSION = YES;
				CLANG_WARN_INFINITE_RECURSION = YES;
				CLANG_WARN_INT_CONVERSION = YES;
				CLANG_WARN_NON_LITERAL_NULL_CONVERSION = YES;
				CLANG_WARN_OBJC_IMPLICIT_RETAIN_SELF = YES;
				CLANG_WARN_OBJC_LITERAL_CONVERSION = YES;
				CLANG_WARN_OBJC_ROOT_CLASS = YES_ERROR;
				CLANG_WARN_QUOTED_INCLUDE_IN_FRAMEWORK_HEADER = YES;
				CLANG_WARN_RANGE_LOOP_ANALYSIS = YES;
				CLANG_WARN_STRICT_PROTOTYPES = YES;
				CLANG_WARN_SUSPICIOUS_MOVE = YES;
				CLANG_WARN_UNGUARDED_AVAILABILITY = YES_AGGRESSIVE;
				CLANG_WARN_UNREACHABLE_CODE = YES;
				CLANG_WARN__DUPLICATE_METHOD_MATCH = YES;
				COPY_PHASE_STRIP = NO;
				DEBUG_INFORMATION_FORMAT = "dwarf-with-dsym";
				ENABLE_NS_ASSERTIONS = NO;
				ENABLE_STRICT_OBJC_MSGSEND = YES;
				ENABLE_USER_SCRIPT_SANDBOXING = YES;
				GCC_C_LANGUAGE_STANDARD = gnu17;
				GCC_NO_COMMON_BLOCKS = YES;
				GCC_WARN_64_TO_32_BIT_CONVERSION = YES;
				GCC_WARN_ABOUT_RETURN_TYPE = YES_ERROR;
				GCC_WARN_UNDECLARED_SELECTOR = YES;
				GCC_WARN_UNINITIALIZED_AUTOS = YES_AGGRESSIVE;
				GCC_WARN_UNUSED_FUNCTION = YES;
				GCC_WARN_UNUSED_VARIABLE = YES;
				LOCALIZATION_PREFERS_STRING_CATALOGS = YES;
				MACOSX_DEPLOYMENT_TARGET = 15.2;
				MTL_ENABLE_DEBUG_INFO = NO;
				MTL_FAST_MATH = YES;
				SDKROOT = macosx;
				SWIFT_COMPILATION_MODE = wholemodule;
			};
			name = Release;
		};
		0DCA19A92F71D28700E3A891 /* Debug */ = {
			isa = XCBuildConfiguration;
			buildSettings = {
				ASSETCATALOG_COMPILER_APPICON_NAME = AppIcon;
				ASSETCATALOG_COMPILER_GLOBAL_ACCENT_COLOR_NAME = AccentColor;
				CODE_SIGN_ENTITLEMENTS = RemoteHSMTokenDemo/RemoteHSMTokenDemo.entitlements;
				CODE_SIGN_STYLE = Automatic;
				COMBINE_HIDPI_IMAGES = YES;
				CURRENT_PROJECT_VERSION = 1;
				DEVELOPMENT_ASSET_PATHS = "\"RemoteHSMTokenDemo/Preview Content\"";
				DEVELOPMENT_TEAM = SY9CHW6UF7;
				ENABLE_HARDENED_RUNTIME = YES;
				ENABLE_PREVIEWS = YES;
				GENERATE_INFOPLIST_FILE = YES;
				INFOPLIST_KEY_NSHumanReadableCopyright = "";
				LD_RUNPATH_SEARCH_PATHS = (
					"$(inherited)",
					"@executable_path/../Frameworks",
				);
				MARKETING_VERSION = 1.0;
				PRODUCT_BUNDLE_IDENTIFIER = com.example.RemoteHSMTokenDemo;
				PRODUCT_NAME = "$(TARGET_NAME)";
				SWIFT_EMIT_LOC_STRINGS = YES;
				SWIFT_VERSION = 5.0;
			};
			name = Debug;
		};
		0DCA19AA2F71D28700E3A891 /* Release */ = {
			isa = XCBuildConfiguration;
			buildSettings = {
				ASSETCATALOG_COMPILER_APPICON_NAME = AppIcon;
				ASSETCATALOG_COMPILER_GLOBAL_ACCENT_COLOR_NAME = AccentColor;
				CODE_SIGN_ENTITLEMENTS = RemoteHSMTokenDemo/RemoteHSMTokenDemo.entitlements;
				CODE_SIGN_STYLE = Automatic;
				COMBINE_HIDPI_IMAGES = YES;
				CURRENT_PROJECT_VERSION = 1;
				DEVELOPMENT_ASSET_PATHS = "\"RemoteHSMTokenDemo/Preview Content\"";
				DEVELOPMENT_TEAM = SY9CHW6UF7;
				ENABLE_HARDENED_RUNTIME = YES;
				ENABLE_PREVIEWS = YES;
				GENERATE_INFOPLIST_FILE = YES;
				INFOPLIST_KEY_NSHumanReadableCopyright = "";
				LD_RUNPATH_SEARCH_PATHS = (
					"$(inherited)",
					"@executable_path/../Frameworks",
				);
				MARKETING_VERSION = 1.0;
				PRODUCT_BUNDLE_IDENTIFIER = com.example.RemoteHSMTokenDemo;
				PRODUCT_NAME = "$(TARGET_NAME)";
				SWIFT_EMIT_LOC_STRINGS = YES;
				SWIFT_VERSION = 5.0;
			};
			name = Release;
		};
		0DCA19AC2F71D28700E3A891 /* Debug */ = {
			isa = XCBuildConfiguration;
			buildSettings = {
				BUNDLE_LOADER = "$(TEST_HOST)";
				CODE_SIGN_STYLE = Automatic;
				CURRENT_PROJECT_VERSION = 1;
				DEVELOPMENT_TEAM = SY9CHW6UF7;
				GENERATE_INFOPLIST_FILE = YES;
				MACOSX_DEPLOYMENT_TARGET = 15.2;
				MARKETING_VERSION = 1.0;
				PRODUCT_BUNDLE_IDENTIFIER = com.example.RemoteHSMTokenDemoTests;
				PRODUCT_NAME = "$(TARGET_NAME)";
				SWIFT_EMIT_LOC_STRINGS = NO;
				SWIFT_VERSION = 5.0;
				TEST_HOST = "$(BUILT_PRODUCTS_DIR)/RemoteHSMTokenDemo.app/$(BUNDLE_EXECUTABLE_FOLDER_PATH)/RemoteHSMTokenDemo";
			};
			name = Debug;
		};
		0DCA19AD2F71D28700E3A891 /* Release */ = {
			isa = XCBuildConfiguration;
			buildSettings = {
				BUNDLE_LOADER = "$(TEST_HOST)";
				CODE_SIGN_STYLE = Automatic;
				CURRENT_PROJECT_VERSION = 1;
				DEVELOPMENT_TEAM = SY9CHW6UF7;
				GENERATE_INFOPLIST_FILE = YES;
				MACOSX_DEPLOYMENT_TARGET = 15.2;
				MARKETING_VERSION = 1.0;
				PRODUCT_BUNDLE_IDENTIFIER = com.example.RemoteHSMTokenDemoTests;
				PRODUCT_NAME = "$(TARGET_NAME)";
				SWIFT_EMIT_LOC_STRINGS = NO;
				SWIFT_VERSION = 5.0;
				TEST_HOST = "$(BUILT_PRODUCTS_DIR)/RemoteHSMTokenDemo.app/$(BUNDLE_EXECUTABLE_FOLDER_PATH)/RemoteHSMTokenDemo";
			};
			name = Release;
		};
		0DCA19AF2F71D28700E3A891 /* Debug */ = {
			isa = XCBuildConfiguration;
			buildSettings = {
				CODE_SIGN_STYLE = Automatic;
				CURRENT_PROJECT_VERSION = 1;
				DEVELOPMENT_TEAM = SY9CHW6UF7;
				GENERATE_INFOPLIST_FILE = YES;
				MARKETING_VERSION = 1.0;
				PRODUCT_BUNDLE_IDENTIFIER = com.example.RemoteHSMTokenDemoUITests;
				PRODUCT_NAME = "$(TARGET_NAME)";
				SWIFT_EMIT_LOC_STRINGS = NO;
				SWIFT_VERSION = 5.0;
				TEST_TARGET_NAME = RemoteHSMTokenDemo;
			};
			name = Debug;
		};
		0DCA19B02F71D28700E3A891 /* Release */ = {
			isa = XCBuildConfiguration;
			buildSettings = {
				CODE_SIGN_STYLE = Automatic;
				CURRENT_PROJECT_VERSION = 1;
				DEVELOPMENT_TEAM = SY9CHW6UF7;
				GENERATE_INFOPLIST_FILE = YES;
				MARKETING_VERSION = 1.0;
				PRODUCT_BUNDLE_IDENTIFIER = com.example.RemoteHSMTokenDemoUITests;
				PRODUCT_NAME = "$(TARGET_NAME)";
				SWIFT_EMIT_LOC_STRINGS = NO;
				SWIFT_VERSION = 5.0;
				TEST_TARGET_NAME = RemoteHSMTokenDemo;
			};
			name = Release;
		};
		0DCA19EF2F71ECD000E3A891 /* Debug */ = {
			isa = XCBuildConfiguration;
			buildSettings = {
				CODE_SIGN_ENTITLEMENTS = RemoteHSMToken/RemoteHSMToken.entitlements;
				CODE_SIGN_STYLE = Automatic;
				COMBINE_HIDPI_IMAGES = YES;
				CURRENT_PROJECT_VERSION = 1;
				DEVELOPMENT_TEAM = SY9CHW6UF7;
				ENABLE_HARDENED_RUNTIME = YES;
				GENERATE_INFOPLIST_FILE = YES;
				INFOPLIST_FILE = RemoteHSMToken/Info.plist;
				INFOPLIST_KEY_CFBundleDisplayName = RemoteHSMToken;
				INFOPLIST_KEY_NSHumanReadableCopyright = "";
				LD_RUNPATH_SEARCH_PATHS = (
					"$(inherited)",
					"@executable_path/../Frameworks",
					"@executable_path/../../../../Frameworks",
				);
				MARKETING_VERSION = 1.0;
				PRODUCT_BUNDLE_IDENTIFIER = com.example.RemoteHSMTokenDemo.RemoteHSMToken;
				PRODUCT_NAME = "$(TARGET_NAME)";
				SKIP_INSTALL = YES;
				SWIFT_EMIT_LOC_STRINGS = YES;
				SWIFT_VERSION = 5.0;
			};
			name = Debug;
		};
		0DCA19F02F71ECD000E3A891 /* Release */ = {
			isa = XCBuildConfiguration;
			buildSettings = {
				CODE_SIGN_ENTITLEMENTS = RemoteHSMToken/RemoteHSMToken.entitlements;
				CODE_SIGN_STYLE = Automatic;
				COMBINE_HIDPI_IMAGES = YES;
				CURRENT_PROJECT_VERSION = 1;
				DEVELOPMENT_TEAM = SY9CHW6UF7;
				ENABLE_HARDENED_RUNTIME = YES;
				GENERATE_INFOPLIST_FILE = YES;
				INFOPLIST_FILE = RemoteHSMToken/Info.plist;
				INFOPLIST_KEY_CFBundleDisplayName = RemoteHSMToken;
				INFOPLIST_KEY_NSHumanReadableCopyright = "";
				LD_RUNPATH_SEARCH_PATHS = (
					"$(inherited)",
					"@executable_path/../Frameworks",
					"@executable_path/../../../../Frameworks",
				);
				MARKETING_VERSION = 1.0;
				PRODUCT_BUNDLE_IDENTIFIER = com.example.RemoteHSMTokenDemo.RemoteHSMToken;
				PRODUCT_NAME = "$(TARGET_NAME)";
				SKIP_INSTALL = YES;
				SWIFT_EMIT_LOC_STRINGS = YES;
				SWIFT_VERSION = 5.0;
			};
			name = Release;
		};
/* End XCBuildConfiguration section */

/* Begin XCConfigurationList section */
		0DCA197E2F71D28500E3A891 /* Build configuration list for PBXProject "RemoteHSMTokenDemo" */ = {
			isa = XCConfigurationList;
			buildConfigurations = (
				0DCA19A62F71D28700E3A891 /* Debug */,
				0DCA19A72F71D28700E3A891 /* Release */,
			);
			defaultConfigurationIsVisible = 0;
			defaultConfigurationName = Release;
		};
		0DCA19A82F71D28700E3A891 /* Build configuration list for PBXNativeTarget "RemoteHSMTokenDemo" */ = {
			isa = XCConfigurationList;
			buildConfigurations = (
				0DCA19A92F71D28700E3A891 /* Debug */,
				0DCA19AA2F71D28700E3A891 /* Release */,
			);
			defaultConfigurationIsVisible = 0;
			defaultConfigurationName = Release;
		};
		0DCA19AB2F71D28700E3A891 /* Build configuration list for PBXNativeTarget "RemoteHSMTokenDemoTests" */ = {
			isa = XCConfigurationList;
			buildConfigurations = (
				0DCA19AC2F71D28700E3A891 /* Debug */,
				0DCA19AD2F71D28700E3A891 /* Release */,
			);
			defaultConfigurationIsVisible = 0;
			defaultConfigurationName = Release;
		};
		0DCA19AE2F71D28700E3A891 /* Build configuration list for PBXNativeTarget "RemoteHSMTokenDemoUITests" */ = {
			isa = XCConfigurationList;
			buildConfigurations = (
				0DCA19AF2F71D28700E3A891 /* Debug */,
				0DCA19B02F71D28700E3A891 /* Release */,
			);
			defaultConfigurationIsVisible = 0;
			defaultConfigurationName = Release;
		};
		0DCA19F22F71ECD000E3A891 /* Build configuration list for PBXNativeTarget "RemoteHSMToken" */ = {
			isa = XCConfigurationList;
			buildConfigurations = (
				0DCA19EF2F71ECD000E3A891 /* Debug */,
				0DCA19F02F71ECD000E3A891 /* Release */,
			);
			defaultConfigurationIsVisible = 0;
			defaultConfigurationName = Release;
		};
/* End XCConfigurationList section */
	};
	rootObject = 0DCA197B2F71D28500E3A891 /* Project object */;
}
